Microsoft Visual Studio Solution File, Format Version 12.00
# Visual Studio Version 17
VisualStudioVersion = 17.5.2.0
MinimumVisualStudioVersion = 10.0.40219.1
Project("{FAE04EC0-301F-11D3-BF4B-00C04F79EFBC}") = "ProjectFrontend", "ProjectFrontend.csproj", "{002407C3-DBB9-BF0A-B2F9-B8F4A20C1258}"
EndProject
Global
	GlobalSection(SolutionConfigurationPlatforms) = preSolution
		Debug|Any CPU = Debug|Any CPU
		Release|Any CPU = Release|Any CPU
	EndGlobalSection
	GlobalSection(ProjectConfigurationPlatforms) = postSolution
		{002407C3-DBB9-BF0A-B2F9-B8F4A20C1258}.Debug|Any CPU.ActiveCfg = Debug|Any CPU
		{002407C3-DBB9-BF0A-B2F9-B8F4A20C1258}.Debug|Any CPU.Build.0 = Debug|Any CPU
		{002407C3-DBB9-BF0A-B2F9-B8F4A20C1258}.Release|Any CPU.ActiveCfg = Release|Any CPU
		{002407C3-DBB9-BF0A-B2F9-B8F4A20C1258}.Release|Any CPU.Build.0 = Release|Any CPU
	EndGlobalSection
	GlobalSection(SolutionProperties) = preSolution
		HideSolutionNode = FALSE
	EndGlobalSection
	GlobalSection(ExtensibilityGlobals) = postSolution
		SolutionGuid = {C778CCA4-CF06-4BBE-8239-918641EC8BA6}
	EndGlobalSection
EndGlobal
